
Microsoft Visual Studio Solution File, Format Version 12.00
# Visual Studio Version 16
VisualStudioVersion = 16.0.31402.337
MinimumVisualStudioVersion = 10.0.40219.1
Project("{FAE04EC0-301F-11D3-BF4B-00C04F79EFBC}") = "FuelStationProject", "FuelStationProject\FuelStationProject.csproj", "{B2FCA04B-C3EC-4ACF-9293-991F8C457E40}"
EndProject
Global
	GlobalSection(SolutionConfigurationPlatforms) = preSolution
		Debug|Any CPU = Debug|Any CPU
		Release|Any CPU = Release|Any CPU
	EndGlobalSection
	GlobalSection(ProjectConfigurationPlatforms) = postSolution
		{B2FCA04B-C3EC-4ACF-9293-991F8C457E40}.Debug|Any CPU.ActiveCfg = Debug|Any CPU
		{B2FCA04B-C3EC-4ACF-9293-991F8C457E40}.Debug|Any CPU.Build.0 = Debug|Any CPU
		{B2FCA04B-C3EC-4ACF-9293-991F8C457E40}.Release|Any CPU.ActiveCfg = Release|Any CPU
		{B2FCA04B-C3EC-4ACF-9293-991F8C457E40}.Release|Any CPU.Build.0 = Release|Any CPU
	EndGlobalSection
	GlobalSection(SolutionProperties) = preSolution
		HideSolutionNode = FALSE
	EndGlobalSection
	GlobalSection(ExtensibilityGlobals) = postSolution
		SolutionGuid = {5A693333-B66C-4016-BE25-4E23F2D6C5F3}
	EndGlobalSection
EndGlobal
